<?xml version="1.0" encoding="utf-8"?>
<Project ToolsVersion="4.0" xmlns="http://schemas.microsoft.com/developer/msbuild/2003">
  <ItemGroup>
    <Filter Include="Source Files">
      <UniqueIdentifier>{4FC737F1-C7A5-4376-A066-2A32D752A2FF}</UniqueIdentifier>
      <Extensions>cpp;c;cc;cxx;c++;cppm;ixx;def;odl;idl;hpj;bat;asm;asmx</Extensions>
    </Filter>
    <Filter Include="Header Files">
      <UniqueIdentifier>{93995380-89BD-4b04-88EB-625FBE52EBFB}</UniqueIdentifier>
      <Extensions>h;hh;hpp;hxx;h++;hm;inl;inc;ipp;xsd</Extensions>
    </Filter>
    <Filter Include="Resource Files">
      <UniqueIdentifier>{67DA6AB6-F800-4c08-8B7A-83BB121AAD01}</UniqueIdentifier>
      <Extensions>rc;ico;cur;bmp;dlg;rc2;rct;bin;rgs;gif;jpg;jpeg;jpe;resx;tiff;tif;png;wav;mfcribbon-ms</Extensions>
    </Filter>
    <Filter Include="Camera">
      <UniqueIdentifier>{e68d21e6-5164-4e8f-a217-e322ada949e3}</UniqueIdentifier>
    </Filter>
    <Filter Include="Input">
      <UniqueIdentifier>{f67261ea-6195-41e3-a4da-1fb3add4c83f}</UniqueIdentifier>
    </Filter>
    <Filter Include="Light">
      <UniqueIdentifier>{28abba3e-9329-40a8-840e-67a1eb5ece63}</UniqueIdentifier>
    </Filter>
    <Filter Include="Objects">
      <UniqueIdentifier>{3c8804e1-fa1b-42b6-9683-823e27e5ba70}</UniqueIdentifier>
    </Filter>
    <Filter Include="Shaders">
      <UniqueIdentifier>{83a37a1b-a7e8-4ced-a06c-567f43f60702}</UniqueIdentifier>
    </Filter>
    <Filter Include="Sound">
      <UniqueIdentifier>{b3aeaa69-8967-4bde-b04b-22e7b70ae03c}</UniqueIdentifier>
    </Filter>
    <Filter Include="System">
      <UniqueIdentifier>{621507b3-5092-41c3-8297-8eb3de53a785}</UniqueIdentifier>
    </Filter>
    <Filter Include="EngineHeaders">
      <UniqueIdentifier>{890e70f8-ca5e-491f-96b9-a96528eb2fbe}</UniqueIdentifier>
    </Filter>
    <Filter Include="Packs">
      <UniqueIdentifier>{161d40b9-2ff7-458c-b148-e08beb9aaec3}</UniqueIdentifier>
    </Filter>
    <Filter Include="UI">
      <UniqueIdentifier>{630fa017-9c3f-4065-97d5-daf3d3683c50}</UniqueIdentifier>
    </Filter>
  </ItemGroup>
  <ItemGroup>
    <ClInclude Include="Camera.h">
      <Filter>Camera</Filter>
    </ClInclude>
    <ClInclude Include="Input.h">
      <Filter>Input</Filter>
    </ClInclude>
    <ClInclude Include="Light.h">
      <Filter>Light</Filter>
    </ClInclude>
    <ClInclude Include="Model.h">
      <Filter>Objects</Filter>
    </ClInclude>
    <ClInclude Include="Object.h">
      <Filter>Objects</Filter>
    </ClInclude>
    <ClInclude Include="Blend.h">
      <Filter>Shaders</Filter>
    </ClInclude>
    <ClInclude Include="Materials.h">
      <Filter>Shaders</Filter>
    </ClInclude>
    <ClInclude Include="Shader.h">
      <Filter>Shaders</Filter>
    </ClInclude>
    <ClInclude Include="Textures.h">
      <Filter>Shaders</Filter>
    </ClInclude>
    <ClInclude Include="Sound.h">
      <Filter>Sound</Filter>
    </ClInclude>
    <ClInclude Include="SoundUtilits.h">
      <Filter>Sound</Filter>
    </ClInclude>
    <ClInclude Include="Log.h">
      <Filter>System</Filter>
    </ClInclude>
    <ClInclude Include="FWork.h">
      <Filter>System</Filter>
    </ClInclude>
    <ClInclude Include="Window.h">
      <Filter>System</Filter>
    </ClInclude>
    <ClInclude Include="Render.h">
      <Filter>System</Filter>
    </ClInclude>
    <ClInclude Include="UI.h">
      <Filter>UI</Filter>
    </ClInclude>
    <ClInclude Include="MainCamera.h">
      <Filter>Camera</Filter>
    </ClInclude>
    <ClInclude Include="Script.h">
      <Filter>Objects</Filter>
    </ClInclude>
    <ClInclude Include="LightMananger.h">
      <Filter>Light</Filter>
    </ClInclude>
    <ClInclude Include="CameraCone.h">
      <Filter>Camera</Filter>
    </ClInclude>
    <ClInclude Include="Element.h">
      <Filter>Objects</Filter>
    </ClInclude>
    <ClInclude Include="DepthStencil.h">
      <Filter>Shaders</Filter>
    </ClInclude>
    <ClInclude Include="RenderTarget.h">
      <Filter>System</Filter>
    </ClInclude>
    <ClInclude Include="Structures.h">
      <Filter>Shaders</Filter>
    </ClInclude>
    <ClInclude Include="GP.h">
      <Filter>EngineHeaders</Filter>
    </ClInclude>
    <ClInclude Include="Helper.h">
      <Filter>EngineHeaders</Filter>
    </ClInclude>
    <ClInclude Include="Math.h">
      <Filter>EngineHeaders</Filter>
    </ClInclude>
    <ClInclude Include="pch.h">
      <Filter>EngineHeaders</Filter>
    </ClInclude>
    <ClInclude Include="Utilites.h">
      <Filter>EngineHeaders</Filter>
    </ClInclude>
    <ClInclude Include="framework.h">
      <Filter>EngineHeaders</Filter>
    </ClInclude>
    <ClInclude Include="FileSystem.h">
      <Filter>Header Files</Filter>
    </ClInclude>
    <ClInclude Include="FileSystemHelper.h">
      <Filter>Header Files</Filter>
    </ClInclude>
    <ClInclude Include="Drawable.h">
      <Filter>Objects</Filter>
    </ClInclude>
  </ItemGroup>
  <ItemGroup>
    <ClCompile Include="main.cpp">
      <Filter>Source Files</Filter>
    </ClCompile>
    <ClCompile Include="Camera.cpp">
      <Filter>Camera</Filter>
    </ClCompile>
    <ClCompile Include="Input.cpp">
      <Filter>Input</Filter>
    </ClCompile>
    <ClCompile Include="Light.cpp">
      <Filter>Light</Filter>
    </ClCompile>
    <ClCompile Include="Model.cpp">
      <Filter>Objects</Filter>
    </ClCompile>
    <ClCompile Include="Object.cpp">
      <Filter>Objects</Filter>
    </ClCompile>
    <ClCompile Include="Blend.cpp">
      <Filter>Shaders</Filter>
    </ClCompile>
    <ClCompile Include="Materials.cpp">
      <Filter>Shaders</Filter>
    </ClCompile>
    <ClCompile Include="Shader.cpp">
      <Filter>Shaders</Filter>
    </ClCompile>
    <ClCompile Include="Textures.cpp">
      <Filter>Shaders</Filter>
    </ClCompile>
    <ClCompile Include="Sound.cpp">
      <Filter>Sound</Filter>
    </ClCompile>
    <ClCompile Include="Window.cpp">
      <Filter>System</Filter>
    </ClCompile>
    <ClCompile Include="Render.cpp">
      <Filter>System</Filter>
    </ClCompile>
    <ClCompile Include="FWork.cpp">
      <Filter>System</Filter>
    </ClCompile>
    <ClCompile Include="Log.cpp">
      <Filter>System</Filter>
    </ClCompile>
    <ClCompile Include="UI.cpp">
      <Filter>UI</Filter>
    </ClCompile>
    <ClCompile Include="MainCamera.cpp">
      <Filter>Camera</Filter>
    </ClCompile>
    <ClCompile Include="Script.cpp">
      <Filter>Objects</Filter>
    </ClCompile>
    <ClCompile Include="LightMananger.cpp">
      <Filter>Light</Filter>
    </ClCompile>
    <ClCompile Include="CameraCone.cpp">
      <Filter>Camera</Filter>
    </ClCompile>
    <ClCompile Include="Element.cpp">
      <Filter>Objects</Filter>
    </ClCompile>
    <ClCompile Include="DepthStencil.cpp">
      <Filter>Shaders</Filter>
    </ClCompile>
    <ClCompile Include="RenderTarget.cpp">
      <Filter>System</Filter>
    </ClCompile>
    <ClCompile Include="Helper.cpp">
      <Filter>EngineHeaders</Filter>
    </ClCompile>
    <ClCompile Include="Math.cpp">
      <Filter>EngineHeaders</Filter>
    </ClCompile>
    <ClCompile Include="pch.cpp">
      <Filter>EngineHeaders</Filter>
    </ClCompile>
    <ClCompile Include="GP.cpp">
      <Filter>EngineHeaders</Filter>
    </ClCompile>
    <ClCompile Include="FileSystem.cpp">
      <Filter>Header Files</Filter>
    </ClCompile>
    <ClCompile Include="Drawable.cpp">
      <Filter>Objects</Filter>
    </ClCompile>
  </ItemGroup>
</Project>